
Microsoft Visual Studio Solution File, Format Version 12.00
# Visual Studio 15
VisualStudioVersion = 15.0.26730.8
MinimumVisualStudioVersion = 10.0.40219.1
Project("{9A19103F-16F7-4668-BE54-9A1E7A4F7556}") = "ReCache", "ReCache\ReCache.csproj", "{3494E13A-9068-4BD8-9E82-8063F9E2A3F2}"
EndProject
Project("{9A19103F-16F7-4668-BE54-9A1E7A4F7556}") = "Tests", "Tests\Tests.csproj", "{D61D9B46-EE12-4DA4-9221-F2B17016C386}"
EndProject
Project("{2150E333-8FDC-42A3-9474-1A3956D46DE8}") = ".nuget", ".nuget", "{27E69F86-56B4-4C90-AF0E-B5FEFB1862D4}"
	ProjectSection(SolutionItems) = preProject
		.nuget\NuGet.Config = .nuget\NuGet.Config
		.nuget\NuGet.exe = .nuget\NuGet.exe
		.nuget\NuGet.targets = .nuget\NuGet.targets
	EndProjectSection
EndProject
Project("{9A19103F-16F7-4668-BE54-9A1E7A4F7556}") = "ReCache.KeyValueStore", "ReCache.KeyValueStore\ReCache.KeyValueStore.csproj", "{243DD9C8-1B6C-4A45-A3D1-540CEF15178B}"
EndProject
Project("{9A19103F-16F7-4668-BE54-9A1E7A4F7556}") = "ReCache.KeyValueStore.Redis", "ReCache.KeyValueStore.Redis\ReCache.KeyValueStore.Redis.csproj", "{67C5FF93-E233-44A4-883A-077CF42DC62E}"
EndProject
Global
	GlobalSection(SolutionConfigurationPlatforms) = preSolution
		Debug|Any CPU = Debug|Any CPU
		Debug|x64 = Debug|x64
		Release|Any CPU = Release|Any CPU
		Release|x64 = Release|x64
	EndGlobalSection
	GlobalSection(ProjectConfigurationPlatforms) = postSolution
		{3494E13A-9068-4BD8-9E82-8063F9E2A3F2}.Debug|Any CPU.ActiveCfg = Debug|Any CPU
		{3494E13A-9068-4BD8-9E82-8063F9E2A3F2}.Debug|Any CPU.Build.0 = Debug|Any CPU
		{3494E13A-9068-4BD8-9E82-8063F9E2A3F2}.Debug|x64.ActiveCfg = Debug|Any CPU
		{3494E13A-9068-4BD8-9E82-8063F9E2A3F2}.Debug|x64.Build.0 = Debug|Any CPU
		{3494E13A-9068-4BD8-9E82-8063F9E2A3F2}.Release|Any CPU.ActiveCfg = Release|Any CPU
		{3494E13A-9068-4BD8-9E82-8063F9E2A3F2}.Release|Any CPU.Build.0 = Release|Any CPU
		{3494E13A-9068-4BD8-9E82-8063F9E2A3F2}.Release|x64.ActiveCfg = Release|Any CPU
		{3494E13A-9068-4BD8-9E82-8063F9E2A3F2}.Release|x64.Build.0 = Release|Any CPU
		{D61D9B46-EE12-4DA4-9221-F2B17016C386}.Debug|Any CPU.ActiveCfg = Debug|Any CPU
		{D61D9B46-EE12-4DA4-9221-F2B17016C386}.Debug|Any CPU.Build.0 = Debug|Any CPU
		{D61D9B46-EE12-4DA4-9221-F2B17016C386}.Debug|x64.ActiveCfg = Debug|Any CPU
		{D61D9B46-EE12-4DA4-9221-F2B17016C386}.Release|Any CPU.ActiveCfg = Release|Any CPU
		{D61D9B46-EE12-4DA4-9221-F2B17016C386}.Release|Any CPU.Build.0 = Release|Any CPU
		{D61D9B46-EE12-4DA4-9221-F2B17016C386}.Release|x64.ActiveCfg = Release|Any CPU
		{243DD9C8-1B6C-4A45-A3D1-540CEF15178B}.Debug|Any CPU.ActiveCfg = Debug|Any CPU
		{243DD9C8-1B6C-4A45-A3D1-540CEF15178B}.Debug|Any CPU.Build.0 = Debug|Any CPU
		{243DD9C8-1B6C-4A45-A3D1-540CEF15178B}.Debug|x64.ActiveCfg = Debug|Any CPU
		{243DD9C8-1B6C-4A45-A3D1-540CEF15178B}.Debug|x64.Build.0 = Debug|Any CPU
		{243DD9C8-1B6C-4A45-A3D1-540CEF15178B}.Release|Any CPU.ActiveCfg = Release|Any CPU
		{243DD9C8-1B6C-4A45-A3D1-540CEF15178B}.Release|Any CPU.Build.0 = Release|Any CPU
		{243DD9C8-1B6C-4A45-A3D1-540CEF15178B}.Release|x64.ActiveCfg = Release|Any CPU
		{243DD9C8-1B6C-4A45-A3D1-540CEF15178B}.Release|x64.Build.0 = Release|Any CPU
		{67C5FF93-E233-44A4-883A-077CF42DC62E}.Debug|Any CPU.ActiveCfg = Debug|Any CPU
		{67C5FF93-E233-44A4-883A-077CF42DC62E}.Debug|Any CPU.Build.0 = Debug|Any CPU
		{67C5FF93-E233-44A4-883A-077CF42DC62E}.Debug|x64.ActiveCfg = Debug|Any CPU
		{67C5FF93-E233-44A4-883A-077CF42DC62E}.Debug|x64.Build.0 = Debug|Any CPU
		{67C5FF93-E233-44A4-883A-077CF42DC62E}.Release|Any CPU.ActiveCfg = Release|Any CPU
		{67C5FF93-E233-44A4-883A-077CF42DC62E}.Release|Any CPU.Build.0 = Release|Any CPU
		{67C5FF93-E233-44A4-883A-077CF42DC62E}.Release|x64.ActiveCfg = Release|Any CPU
		{67C5FF93-E233-44A4-883A-077CF42DC62E}.Release|x64.Build.0 = Release|Any CPU
	EndGlobalSection
	GlobalSection(SolutionProperties) = preSolution
		HideSolutionNode = FALSE
	EndGlobalSection
	GlobalSection(ExtensibilityGlobals) = postSolution
		SolutionGuid = {21133F40-EDCB-49F9-BBEE-24E142FEB966}
	EndGlobalSection
EndGlobal
