
Microsoft Visual Studio Solution File, Format Version 12.00
# Visual Studio 15
VisualStudioVersion = 15.0.26730.8
MinimumVisualStudioVersion = 10.0.40219.1
Project("{9A19103F-16F7-4668-BE54-9A1E7A4F7556}") = "ReCache", "ReCache\ReCache.csproj", "{FB3A6DE2-06EE-49D0-9261-35216BF72AE7}"
EndProject
Project("{FAE04EC0-301F-11D3-BF4B-00C04F79EFBC}") = "Tests", "Tests\Tests.csproj", "{C0F4D8D2-3AEC-4400-B715-19FA97AE73CB}"
EndProject
Global
	GlobalSection(SolutionConfigurationPlatforms) = preSolution
		Debug|Any CPU = Debug|Any CPU
		Release|Any CPU = Release|Any CPU
	EndGlobalSection
	GlobalSection(ProjectConfigurationPlatforms) = postSolution
		{FB3A6DE2-06EE-49D0-9261-35216BF72AE7}.Debug|Any CPU.ActiveCfg = Debug|Any CPU
		{FB3A6DE2-06EE-49D0-9261-35216BF72AE7}.Debug|Any CPU.Build.0 = Debug|Any CPU
		{FB3A6DE2-06EE-49D0-9261-35216BF72AE7}.Release|Any CPU.ActiveCfg = Release|Any CPU
		{FB3A6DE2-06EE-49D0-9261-35216BF72AE7}.Release|Any CPU.Build.0 = Release|Any CPU
		{C0F4D8D2-3AEC-4400-B715-19FA97AE73CB}.Debug|Any CPU.ActiveCfg = Debug|Any CPU
		{C0F4D8D2-3AEC-4400-B715-19FA97AE73CB}.Debug|Any CPU.Build.0 = Debug|Any CPU
		{C0F4D8D2-3AEC-4400-B715-19FA97AE73CB}.Release|Any CPU.ActiveCfg = Release|Any CPU
		{C0F4D8D2-3AEC-4400-B715-19FA97AE73CB}.Release|Any CPU.Build.0 = Release|Any CPU
	EndGlobalSection
	GlobalSection(SolutionProperties) = preSolution
		HideSolutionNode = FALSE
	EndGlobalSection
	GlobalSection(ExtensibilityGlobals) = postSolution
		SolutionGuid = {8838F714-5FCC-47CF-9358-BA333D415ED5}
	EndGlobalSection
EndGlobal
