
Microsoft Visual Studio Solution File, Format Version 12.00
# Visual Studio 2013
VisualStudioVersion = 12.0.30501.0
MinimumVisualStudioVersion = 10.0.40219.1
Project("{FAE04EC0-301F-11D3-BF4B-00C04F79EFBC}") = "Inivit.SuperCache", "Inivit.SuperCache\Inivit.SuperCache.csproj", "{3494E13A-9068-4BD8-9E82-8063F9E2A3F2}"
EndProject
Global
	GlobalSection(SolutionConfigurationPlatforms) = preSolution
		auto360|Any CPU = auto360|Any CPU
		auto360|x64 = auto360|x64
		Cars360|Any CPU = Cars360|Any CPU
		Cars360|x64 = Cars360|x64
		Debug|Any CPU = Debug|Any CPU
		Debug|x64 = Debug|x64
		Release|Any CPU = Release|Any CPU
		Release|x64 = Release|x64
		Staging|Any CPU = Staging|Any CPU
		Staging|x64 = Staging|x64
		Testing|Any CPU = Testing|Any CPU
		Testing|x64 = Testing|x64
	EndGlobalSection
	GlobalSection(ProjectConfigurationPlatforms) = postSolution
		{3494E13A-9068-4BD8-9E82-8063F9E2A3F2}.auto360|Any CPU.ActiveCfg = auto360|Any CPU
		{3494E13A-9068-4BD8-9E82-8063F9E2A3F2}.auto360|Any CPU.Build.0 = auto360|Any CPU
		{3494E13A-9068-4BD8-9E82-8063F9E2A3F2}.auto360|x64.ActiveCfg = auto360|x64
		{3494E13A-9068-4BD8-9E82-8063F9E2A3F2}.auto360|x64.Build.0 = auto360|x64
		{3494E13A-9068-4BD8-9E82-8063F9E2A3F2}.Cars360|Any CPU.ActiveCfg = Cars360|Any CPU
		{3494E13A-9068-4BD8-9E82-8063F9E2A3F2}.Cars360|Any CPU.Build.0 = Cars360|Any CPU
		{3494E13A-9068-4BD8-9E82-8063F9E2A3F2}.Cars360|x64.ActiveCfg = Cars360|x64
		{3494E13A-9068-4BD8-9E82-8063F9E2A3F2}.Cars360|x64.Build.0 = Cars360|x64
		{3494E13A-9068-4BD8-9E82-8063F9E2A3F2}.Debug|Any CPU.ActiveCfg = Debug|Any CPU
		{3494E13A-9068-4BD8-9E82-8063F9E2A3F2}.Debug|Any CPU.Build.0 = Debug|Any CPU
		{3494E13A-9068-4BD8-9E82-8063F9E2A3F2}.Debug|x64.ActiveCfg = Debug|x64
		{3494E13A-9068-4BD8-9E82-8063F9E2A3F2}.Debug|x64.Build.0 = Debug|x64
		{3494E13A-9068-4BD8-9E82-8063F9E2A3F2}.Release|Any CPU.ActiveCfg = Release|Any CPU
		{3494E13A-9068-4BD8-9E82-8063F9E2A3F2}.Release|Any CPU.Build.0 = Release|Any CPU
		{3494E13A-9068-4BD8-9E82-8063F9E2A3F2}.Release|x64.ActiveCfg = Release|x64
		{3494E13A-9068-4BD8-9E82-8063F9E2A3F2}.Release|x64.Build.0 = Release|x64
		{3494E13A-9068-4BD8-9E82-8063F9E2A3F2}.Staging|Any CPU.ActiveCfg = Staging|Any CPU
		{3494E13A-9068-4BD8-9E82-8063F9E2A3F2}.Staging|Any CPU.Build.0 = Staging|Any CPU
		{3494E13A-9068-4BD8-9E82-8063F9E2A3F2}.Staging|x64.ActiveCfg = Staging|x64
		{3494E13A-9068-4BD8-9E82-8063F9E2A3F2}.Staging|x64.Build.0 = Staging|x64
		{3494E13A-9068-4BD8-9E82-8063F9E2A3F2}.Testing|Any CPU.ActiveCfg = Testing|Any CPU
		{3494E13A-9068-4BD8-9E82-8063F9E2A3F2}.Testing|Any CPU.Build.0 = Testing|Any CPU
		{3494E13A-9068-4BD8-9E82-8063F9E2A3F2}.Testing|x64.ActiveCfg = Testing|x64
		{3494E13A-9068-4BD8-9E82-8063F9E2A3F2}.Testing|x64.Build.0 = Testing|x64
	EndGlobalSection
	GlobalSection(SolutionProperties) = preSolution
		HideSolutionNode = FALSE
	EndGlobalSection
EndGlobal
